
Microsoft Visual Studio Solution File, Format Version 12.00
# Visual Studio Version 17
VisualStudioVersion = 17.9.34622.214
MinimumVisualStudioVersion = 10.0.40219.1
Project("{9A19103F-16F7-4668-BE54-9A1E7A4F7556}") = "Nexus", "Nexus\Nexus.csproj", "{71353622-4F16-446A-9A5A-F9671160BA56}"
EndProject
Project("{2150E333-8FDC-42A3-9474-1A3956D46DE8}") = "src", "src", "{0B4D5F0B-1768-453C-B87A-6AE754F6E2F4}"
EndProject
Project("{2150E333-8FDC-42A3-9474-1A3956D46DE8}") = "Infrastructure", "Infrastructure", "{4EF111C5-9CDD-476F-BE9F-A3BBD90DAA63}"
EndProject
Project("{9A19103F-16F7-4668-BE54-9A1E7A4F7556}") = "_NEXUS.Database", "_NEXUS.Database\_NEXUS.Database.csproj", "{1009FE4A-A265-4FAE-9F64-0DCD574A100A}"
EndProject
Project("{9A19103F-16F7-4668-BE54-9A1E7A4F7556}") = "_NEXUS.Models", "_NEXUS.Models\_NEXUS.Models.csproj", "{A004774D-84D3-42BF-8BCB-FF5DA2D738EE}"
EndProject
Project("{9A19103F-16F7-4668-BE54-9A1E7A4F7556}") = "_NEXUS.Repository", "_NEXUS.Repository\_NEXUS.Repository.csproj", "{D7C848DA-1B5F-4336-B217-9308F74A733A}"
EndProject
Project("{9A19103F-16F7-4668-BE54-9A1E7A4F7556}") = "_NEXUS.Service", "_NEXUS.Service\_NEXUS.Service.csproj", "{D429786E-B854-41B4-B504-F8479B706F35}"
EndProject
Project("{2150E333-8FDC-42A3-9474-1A3956D46DE8}") = "teste", "teste", "{31065D6A-08CD-4AAB-996C-004EFF6A9069}"
EndProject
Project("{FAE04EC0-301F-11D3-BF4B-00C04F79EFBC}") = "Teste", "Teste\Teste.csproj", "{5D3A1939-6E7B-47FB-AF84-D527681B90C4}"
EndProject
Global
	GlobalSection(SolutionConfigurationPlatforms) = preSolution
		Debug|Any CPU = Debug|Any CPU
		Release|Any CPU = Release|Any CPU
	EndGlobalSection
	GlobalSection(ProjectConfigurationPlatforms) = postSolution
		{71353622-4F16-446A-9A5A-F9671160BA56}.Debug|Any CPU.ActiveCfg = Debug|Any CPU
		{71353622-4F16-446A-9A5A-F9671160BA56}.Debug|Any CPU.Build.0 = Debug|Any CPU
		{71353622-4F16-446A-9A5A-F9671160BA56}.Release|Any CPU.ActiveCfg = Release|Any CPU
		{71353622-4F16-446A-9A5A-F9671160BA56}.Release|Any CPU.Build.0 = Release|Any CPU
		{1009FE4A-A265-4FAE-9F64-0DCD574A100A}.Debug|Any CPU.ActiveCfg = Debug|Any CPU
		{1009FE4A-A265-4FAE-9F64-0DCD574A100A}.Debug|Any CPU.Build.0 = Debug|Any CPU
		{1009FE4A-A265-4FAE-9F64-0DCD574A100A}.Release|Any CPU.ActiveCfg = Release|Any CPU
		{1009FE4A-A265-4FAE-9F64-0DCD574A100A}.Release|Any CPU.Build.0 = Release|Any CPU
		{A004774D-84D3-42BF-8BCB-FF5DA2D738EE}.Debug|Any CPU.ActiveCfg = Debug|Any CPU
		{A004774D-84D3-42BF-8BCB-FF5DA2D738EE}.Debug|Any CPU.Build.0 = Debug|Any CPU
		{A004774D-84D3-42BF-8BCB-FF5DA2D738EE}.Release|Any CPU.ActiveCfg = Release|Any CPU
		{A004774D-84D3-42BF-8BCB-FF5DA2D738EE}.Release|Any CPU.Build.0 = Release|Any CPU
		{D7C848DA-1B5F-4336-B217-9308F74A733A}.Debug|Any CPU.ActiveCfg = Debug|Any CPU
		{D7C848DA-1B5F-4336-B217-9308F74A733A}.Debug|Any CPU.Build.0 = Debug|Any CPU
		{D7C848DA-1B5F-4336-B217-9308F74A733A}.Release|Any CPU.ActiveCfg = Release|Any CPU
		{D7C848DA-1B5F-4336-B217-9308F74A733A}.Release|Any CPU.Build.0 = Release|Any CPU
		{D429786E-B854-41B4-B504-F8479B706F35}.Debug|Any CPU.ActiveCfg = Debug|Any CPU
		{D429786E-B854-41B4-B504-F8479B706F35}.Debug|Any CPU.Build.0 = Debug|Any CPU
		{D429786E-B854-41B4-B504-F8479B706F35}.Release|Any CPU.ActiveCfg = Release|Any CPU
		{D429786E-B854-41B4-B504-F8479B706F35}.Release|Any CPU.Build.0 = Release|Any CPU
		{5D3A1939-6E7B-47FB-AF84-D527681B90C4}.Debug|Any CPU.ActiveCfg = Debug|Any CPU
		{5D3A1939-6E7B-47FB-AF84-D527681B90C4}.Debug|Any CPU.Build.0 = Debug|Any CPU
		{5D3A1939-6E7B-47FB-AF84-D527681B90C4}.Release|Any CPU.ActiveCfg = Release|Any CPU
		{5D3A1939-6E7B-47FB-AF84-D527681B90C4}.Release|Any CPU.Build.0 = Release|Any CPU
	EndGlobalSection
	GlobalSection(SolutionProperties) = preSolution
		HideSolutionNode = FALSE
	EndGlobalSection
	GlobalSection(NestedProjects) = preSolution
		{71353622-4F16-446A-9A5A-F9671160BA56} = {0B4D5F0B-1768-453C-B87A-6AE754F6E2F4}
		{4EF111C5-9CDD-476F-BE9F-A3BBD90DAA63} = {0B4D5F0B-1768-453C-B87A-6AE754F6E2F4}
		{1009FE4A-A265-4FAE-9F64-0DCD574A100A} = {4EF111C5-9CDD-476F-BE9F-A3BBD90DAA63}
		{A004774D-84D3-42BF-8BCB-FF5DA2D738EE} = {4EF111C5-9CDD-476F-BE9F-A3BBD90DAA63}
		{D7C848DA-1B5F-4336-B217-9308F74A733A} = {4EF111C5-9CDD-476F-BE9F-A3BBD90DAA63}
		{D429786E-B854-41B4-B504-F8479B706F35} = {0B4D5F0B-1768-453C-B87A-6AE754F6E2F4}
		{5D3A1939-6E7B-47FB-AF84-D527681B90C4} = {31065D6A-08CD-4AAB-996C-004EFF6A9069}
	EndGlobalSection
	GlobalSection(ExtensibilityGlobals) = postSolution
		SolutionGuid = {E7135A3A-98D4-42C4-BAF9-D411DADC5898}
	EndGlobalSection
EndGlobal
